
Microsoft Visual Studio Solution File, Format Version 12.00
# Visual Studio Version 17
VisualStudioVersion = 17.7.34031.279
MinimumVisualStudioVersion = 10.0.40219.1
Project("{FAE04EC0-301F-11D3-BF4B-00C04F79EFBC}") = "TrafficSignals", "TrafficSignals\TrafficSignals.csproj", "{A515668A-FFF7-47FF-88FF-E46C1F560827}"
EndProject
Global
	GlobalSection(SolutionConfigurationPlatforms) = preSolution
		Debug|Any CPU = Debug|Any CPU
		Release|Any CPU = Release|Any CPU
	EndGlobalSection
	GlobalSection(ProjectConfigurationPlatforms) = postSolution
		{A515668A-FFF7-47FF-88FF-E46C1F560827}.Debug|Any CPU.ActiveCfg = Debug|Any CPU
		{A515668A-FFF7-47FF-88FF-E46C1F560827}.Debug|Any CPU.Build.0 = Debug|Any CPU
		{A515668A-FFF7-47FF-88FF-E46C1F560827}.Release|Any CPU.ActiveCfg = Release|Any CPU
		{A515668A-FFF7-47FF-88FF-E46C1F560827}.Release|Any CPU.Build.0 = Release|Any CPU
	EndGlobalSection
	GlobalSection(SolutionProperties) = preSolution
		HideSolutionNode = FALSE
	EndGlobalSection
	GlobalSection(ExtensibilityGlobals) = postSolution
		SolutionGuid = {D2F54A5E-7F57-4E7F-8F2D-568049CB7126}
	EndGlobalSection
EndGlobal
